
Microsoft Visual Studio Solution File, Format Version 12.00
# Visual Studio Version 17
VisualStudioVersion = 17.0.31903.59
MinimumVisualStudioVersion = 10.0.40219.1
Project("{FAE04EC0-301F-11D3-BF4B-00C04F79EFBC}") = "GestionObrasArte.Shared", "GestionObrasArte.Shared\GestionObrasArte.Shared.csproj", "{F7A0E1C6-EFDF-4643-B6AF-B93C825C4802}"
EndProject
Project("{FAE04EC0-301F-11D3-BF4B-00C04F79EFBC}") = "GestionObrasArte.API", "GestionObrasArte.API\GestionObrasArte.API.csproj", "{D361C727-5FC1-44B6-ADA3-0D81C7B37A86}"
EndProject
Project("{FAE04EC0-301F-11D3-BF4B-00C04F79EFBC}") = "GestionObrasArte.ConsoleApp", "GestionObrasArte.ConsoleApp\GestionObrasArte.ConsoleApp.csproj", "{6FB5A78F-A5C6-4E74-B231-6C504A7BD2FA}"
EndProject
Project("{FAE04EC0-301F-11D3-BF4B-00C04F79EFBC}") = "GestionObrasArte.BlazorApp", "GestionObrasArte.BlazorApp\GestionObrasArte.BlazorApp.csproj", "{11111D66-2775-4C1B-895F-3B368B85CD64}"
EndProject
Project("{FAE04EC0-301F-11D3-BF4B-00C04F79EFBC}") = "GestionObrasArte.MauiApp", "GestionObrasArte.MauiApp\GestionObrasArte.MauiApp.csproj", "{A425D843-49E1-4ED1-8919-F2FA8744DD70}"
EndProject
Global
	GlobalSection(SolutionConfigurationPlatforms) = preSolution
		Debug|Any CPU = Debug|Any CPU
		Release|Any CPU = Release|Any CPU
	EndGlobalSection
	GlobalSection(ProjectConfigurationPlatforms) = postSolution
		{F7A0E1C6-EFDF-4643-B6AF-B93C825C4802}.Debug|Any CPU.ActiveCfg = Debug|Any CPU
		{F7A0E1C6-EFDF-4643-B6AF-B93C825C4802}.Debug|Any CPU.Build.0 = Debug|Any CPU
		{F7A0E1C6-EFDF-4643-B6AF-B93C825C4802}.Release|Any CPU.ActiveCfg = Release|Any CPU
		{F7A0E1C6-EFDF-4643-B6AF-B93C825C4802}.Release|Any CPU.Build.0 = Release|Any CPU
		{D361C727-5FC1-44B6-ADA3-0D81C7B37A86}.Debug|Any CPU.ActiveCfg = Debug|Any CPU
		{D361C727-5FC1-44B6-ADA3-0D81C7B37A86}.Debug|Any CPU.Build.0 = Debug|Any CPU
		{D361C727-5FC1-44B6-ADA3-0D81C7B37A86}.Release|Any CPU.ActiveCfg = Release|Any CPU
		{D361C727-5FC1-44B6-ADA3-0D81C7B37A86}.Release|Any CPU.Build.0 = Release|Any CPU
		{6FB5A78F-A5C6-4E74-B231-6C504A7BD2FA}.Debug|Any CPU.ActiveCfg = Debug|Any CPU
		{6FB5A78F-A5C6-4E74-B231-6C504A7BD2FA}.Debug|Any CPU.Build.0 = Debug|Any CPU
		{6FB5A78F-A5C6-4E74-B231-6C504A7BD2FA}.Release|Any CPU.ActiveCfg = Release|Any CPU
		{6FB5A78F-A5C6-4E74-B231-6C504A7BD2FA}.Release|Any CPU.Build.0 = Release|Any CPU
		{11111D66-2775-4C1B-895F-3B368B85CD64}.Debug|Any CPU.ActiveCfg = Debug|Any CPU
		{11111D66-2775-4C1B-895F-3B368B85CD64}.Debug|Any CPU.Build.0 = Debug|Any CPU
		{11111D66-2775-4C1B-895F-3B368B85CD64}.Release|Any CPU.ActiveCfg = Release|Any CPU
		{11111D66-2775-4C1B-895F-3B368B85CD64}.Release|Any CPU.Build.0 = Release|Any CPU
		{A425D843-49E1-4ED1-8919-F2FA8744DD70}.Debug|Any CPU.ActiveCfg = Debug|Any CPU
		{A425D843-49E1-4ED1-8919-F2FA8744DD70}.Debug|Any CPU.Build.0 = Debug|Any CPU
		{A425D843-49E1-4ED1-8919-F2FA8744DD70}.Release|Any CPU.ActiveCfg = Release|Any CPU
		{A425D843-49E1-4ED1-8919-F2FA8744DD70}.Release|Any CPU.Build.0 = Release|Any CPU
	EndGlobalSection
	GlobalSection(SolutionProperties) = preSolution
		HideSolutionNode = FALSE
	EndGlobalSection
EndGlobal
